
Microsoft Visual Studio Solution File, Format Version 12.00
# Visual Studio Version 16
VisualStudioVersion = 16.0.31402.337
MinimumVisualStudioVersion = 10.0.40219.1
Project("{FAE04EC0-301F-11D3-BF4B-00C04F79EFBC}") = "AcmeConsole", "CONSOLE_ACME\AcmeConsole.csproj", "{879E54B5-FC74-473F-B2A0-984A02541B80}"
EndProject
Project("{FAE04EC0-301F-11D3-BF4B-00C04F79EFBC}") = "UnitTest", "UnitTest\UnitTest.csproj", "{82A25995-2912-438B-B0E3-44436F459344}"
EndProject
Project("{FAE04EC0-301F-11D3-BF4B-00C04F79EFBC}") = "Acme.Model", "Acme.Models\Acme.Model.csproj", "{21979E9B-7BDF-4A9D-B127-ED1E240974B2}"
EndProject
Project("{FAE04EC0-301F-11D3-BF4B-00C04F79EFBC}") = "Acme.Application", "Acme.Application\Acme.Application.csproj", "{57E44C9D-8DC3-408E-9CE9-017CF74F6CDB}"
EndProject
Project("{FAE04EC0-301F-11D3-BF4B-00C04F79EFBC}") = "Acme.Repository", "Acme.Repository\Acme.Repository.csproj", "{EEBB6B52-A3CB-4678-956C-1B6B307538B2}"
EndProject
Project("{FAE04EC0-301F-11D3-BF4B-00C04F79EFBC}") = "ACME.Dotnet5", "ACME.Dotnet5\ACME.Dotnet5.csproj", "{5BA49548-5944-43DA-91B7-CCE3869FFB96}"
EndProject
Global
	GlobalSection(SolutionConfigurationPlatforms) = preSolution
		Debug|Any CPU = Debug|Any CPU
		Release|Any CPU = Release|Any CPU
	EndGlobalSection
	GlobalSection(ProjectConfigurationPlatforms) = postSolution
		{879E54B5-FC74-473F-B2A0-984A02541B80}.Debug|Any CPU.ActiveCfg = Debug|Any CPU
		{879E54B5-FC74-473F-B2A0-984A02541B80}.Debug|Any CPU.Build.0 = Debug|Any CPU
		{879E54B5-FC74-473F-B2A0-984A02541B80}.Release|Any CPU.ActiveCfg = Release|Any CPU
		{879E54B5-FC74-473F-B2A0-984A02541B80}.Release|Any CPU.Build.0 = Release|Any CPU
		{82A25995-2912-438B-B0E3-44436F459344}.Debug|Any CPU.ActiveCfg = Debug|Any CPU
		{82A25995-2912-438B-B0E3-44436F459344}.Debug|Any CPU.Build.0 = Debug|Any CPU
		{82A25995-2912-438B-B0E3-44436F459344}.Release|Any CPU.ActiveCfg = Release|Any CPU
		{82A25995-2912-438B-B0E3-44436F459344}.Release|Any CPU.Build.0 = Release|Any CPU
		{21979E9B-7BDF-4A9D-B127-ED1E240974B2}.Debug|Any CPU.ActiveCfg = Debug|Any CPU
		{21979E9B-7BDF-4A9D-B127-ED1E240974B2}.Debug|Any CPU.Build.0 = Debug|Any CPU
		{21979E9B-7BDF-4A9D-B127-ED1E240974B2}.Release|Any CPU.ActiveCfg = Release|Any CPU
		{21979E9B-7BDF-4A9D-B127-ED1E240974B2}.Release|Any CPU.Build.0 = Release|Any CPU
		{57E44C9D-8DC3-408E-9CE9-017CF74F6CDB}.Debug|Any CPU.ActiveCfg = Debug|Any CPU
		{57E44C9D-8DC3-408E-9CE9-017CF74F6CDB}.Debug|Any CPU.Build.0 = Debug|Any CPU
		{57E44C9D-8DC3-408E-9CE9-017CF74F6CDB}.Release|Any CPU.ActiveCfg = Release|Any CPU
		{57E44C9D-8DC3-408E-9CE9-017CF74F6CDB}.Release|Any CPU.Build.0 = Release|Any CPU
		{EEBB6B52-A3CB-4678-956C-1B6B307538B2}.Debug|Any CPU.ActiveCfg = Debug|Any CPU
		{EEBB6B52-A3CB-4678-956C-1B6B307538B2}.Debug|Any CPU.Build.0 = Debug|Any CPU
		{EEBB6B52-A3CB-4678-956C-1B6B307538B2}.Release|Any CPU.ActiveCfg = Release|Any CPU
		{EEBB6B52-A3CB-4678-956C-1B6B307538B2}.Release|Any CPU.Build.0 = Release|Any CPU
		{5BA49548-5944-43DA-91B7-CCE3869FFB96}.Debug|Any CPU.ActiveCfg = Debug|Any CPU
		{5BA49548-5944-43DA-91B7-CCE3869FFB96}.Debug|Any CPU.Build.0 = Debug|Any CPU
		{5BA49548-5944-43DA-91B7-CCE3869FFB96}.Release|Any CPU.ActiveCfg = Release|Any CPU
		{5BA49548-5944-43DA-91B7-CCE3869FFB96}.Release|Any CPU.Build.0 = Release|Any CPU
	EndGlobalSection
	GlobalSection(SolutionProperties) = preSolution
		HideSolutionNode = FALSE
	EndGlobalSection
	GlobalSection(ExtensibilityGlobals) = postSolution
		SolutionGuid = {AD131E7A-DB7F-47A6-A03D-7F4EEBE4AFB4}
	EndGlobalSection
EndGlobal
